// !$*UTF8*$!
{
	archiveVersion = 1;
	classes = {
	};
	objectVersion = 51;
	objects = {

/* Begin PBXBuildFile section */
		444C785FE4238906A6FA17B8 /* Pods_FoodyCookBook.framework in Frameworks */ = {isa = PBXBuildFile; fileRef = AC376B558FA5E6652559AD62 /* Pods_FoodyCookBook.framework */; };
		E6E9B585266FBA4600DA0E18 /* FoodyCookBookTests.swift in Sources */ = {isa = PBXBuildFile; fileRef = E6E9B584266FBA4600DA0E18 /* FoodyCookBookTests.swift */; };
		E6E9B590266FBA4600DA0E18 /* FoodyCookBookUITests.swift in Sources */ = {isa = PBXBuildFile; fileRef = E6E9B58F266FBA4600DA0E18 /* FoodyCookBookUITests.swift */; };
		E6E9B5DB266FBB9B00DA0E18 /* LaunchScreen.storyboard in Resources */ = {isa = PBXBuildFile; fileRef = E6E9B59E266FBB9A00DA0E18 /* LaunchScreen.storyboard */; };
		E6E9B5DC266FBB9B00DA0E18 /* Main.storyboard in Resources */ = {isa = PBXBuildFile; fileRef = E6E9B5A0266FBB9A00DA0E18 /* Main.storyboard */; };
		E6E9B5DD266FBB9B00DA0E18 /* Color.xcassets in Resources */ = {isa = PBXBuildFile; fileRef = E6E9B5A2266FBB9A00DA0E18 /* Color.xcassets */; };
		E6E9B5DE266FBB9B00DA0E18 /* ApiCall.swift in Sources */ = {isa = PBXBuildFile; fileRef = E6E9B5A5266FBB9A00DA0E18 /* ApiCall.swift */; };
		E6E9B5DF266FBB9B00DA0E18 /* MultiPart.swift in Sources */ = {isa = PBXBuildFile; fileRef = E6E9B5A6266FBB9A00DA0E18 /* MultiPart.swift */; };
		E6E9B5E0266FBB9B00DA0E18 /* JsonSerializer.swift in Sources */ = {isa = PBXBuildFile; fileRef = E6E9B5A9266FBB9A00DA0E18 /* JsonSerializer.swift */; };
		E6E9B5E1266FBB9B00DA0E18 /* ArrayExtensions.swift in Sources */ = {isa = PBXBuildFile; fileRef = E6E9B5AB266FBB9B00DA0E18 /* ArrayExtensions.swift */; };
		E6E9B5E2266FBB9B00DA0E18 /* FloatExtensions.swift in Sources */ = {isa = PBXBuildFile; fileRef = E6E9B5AC266FBB9B00DA0E18 /* FloatExtensions.swift */; };
		E6E9B5E3266FBB9B00DA0E18 /* ColorChange.swift in Sources */ = {isa = PBXBuildFile; fileRef = E6E9B5AD266FBB9B00DA0E18 /* ColorChange.swift */; };
		E6E9B5E4266FBB9B00DA0E18 /* PlaceholderTextView.swift in Sources */ = {isa = PBXBuildFile; fileRef = E6E9B5AE266FBB9B00DA0E18 /* PlaceholderTextView.swift */; };
		E6E9B5E5266FBB9B00DA0E18 /* DictionaryExtensions.swift in Sources */ = {isa = PBXBuildFile; fileRef = E6E9B5AF266FBB9B00DA0E18 /* DictionaryExtensions.swift */; };
		E6E9B5E6266FBB9B00DA0E18 /* StringExtensions.swift in Sources */ = {isa = PBXBuildFile; fileRef = E6E9B5B0266FBB9B00DA0E18 /* StringExtensions.swift */; };
		E6E9B5E7266FBB9B00DA0E18 /* ExtensionImagePickerOption.swift in Sources */ = {isa = PBXBuildFile; fileRef = E6E9B5B1266FBB9B00DA0E18 /* ExtensionImagePickerOption.swift */; };
		E6E9B5E8266FBB9B00DA0E18 /* Extension.swift in Sources */ = {isa = PBXBuildFile; fileRef = E6E9B5B2266FBB9B00DA0E18 /* Extension.swift */; };
		E6E9B5E9266FBB9B00DA0E18 /* DoubleExtensions.swift in Sources */ = {isa = PBXBuildFile; fileRef = E6E9B5B3266FBB9B00DA0E18 /* DoubleExtensions.swift */; };
		E6E9B5EA266FBB9B00DA0E18 /* ViewExtension.swift in Sources */ = {isa = PBXBuildFile; fileRef = E6E9B5B4266FBB9B00DA0E18 /* ViewExtension.swift */; };
		E6E9B5EB266FBB9B00DA0E18 /* MonthYearPickerView.swift in Sources */ = {isa = PBXBuildFile; fileRef = E6E9B5B5266FBB9B00DA0E18 /* MonthYearPickerView.swift */; };
		E6E9B5EC266FBB9B00DA0E18 /* IntExtensions.swift in Sources */ = {isa = PBXBuildFile; fileRef = E6E9B5B6266FBB9B00DA0E18 /* IntExtensions.swift */; };
		E6E9B5ED266FBB9B00DA0E18 /* DateExtensions.swift in Sources */ = {isa = PBXBuildFile; fileRef = E6E9B5B7266FBB9B00DA0E18 /* DateExtensions.swift */; };
		E6E9B5EE266FBB9B00DA0E18 /* OptionalExtensions.swift in Sources */ = {isa = PBXBuildFile; fileRef = E6E9B5B8266FBB9B00DA0E18 /* OptionalExtensions.swift */; };
		E6E9B5EF266FBB9B00DA0E18 /* Constants.swift in Sources */ = {isa = PBXBuildFile; fileRef = E6E9B5BA266FBB9B00DA0E18 /* Constants.swift */; };
		E6E9B5F0266FBB9B00DA0E18 /* TermCondition.docx in Resources */ = {isa = PBXBuildFile; fileRef = E6E9B5BC266FBB9B00DA0E18 /* TermCondition.docx */; };
		E6E9B5F1266FBB9B00DA0E18 /* UISideMenuNavigationController.swift in Sources */ = {isa = PBXBuildFile; fileRef = E6E9B5BE266FBB9B00DA0E18 /* UISideMenuNavigationController.swift */; };
		E6E9B5F2266FBB9B00DA0E18 /* SideMenuManager.swift in Sources */ = {isa = PBXBuildFile; fileRef = E6E9B5BF266FBB9B00DA0E18 /* SideMenuManager.swift */; };
		E6E9B5F3266FBB9B00DA0E18 /* SideMenuTransition.swift in Sources */ = {isa = PBXBuildFile; fileRef = E6E9B5C0266FBB9B00DA0E18 /* SideMenuTransition.swift */; };
		E6E9B5F4266FBB9B00DA0E18 /* UITableViewVibrantCell.swift in Sources */ = {isa = PBXBuildFile; fileRef = E6E9B5C1266FBB9B00DA0E18 /* UITableViewVibrantCell.swift */; };
		E6E9B5F5266FBB9B00DA0E18 /* ConnectionCheck.swift in Sources */ = {isa = PBXBuildFile; fileRef = E6E9B5C3266FBB9B00DA0E18 /* ConnectionCheck.swift */; };
		E6E9B5F6266FBB9B00DA0E18 /* Proxima Nova Black Italic.otf in Resources */ = {isa = PBXBuildFile; fileRef = E6E9B5C5266FBB9B00DA0E18 /* Proxima Nova Black Italic.otf */; };
		E6E9B5F7266FBB9B00DA0E18 /* Proxima Nova Light.otf in Resources */ = {isa = PBXBuildFile; fileRef = E6E9B5C6266FBB9B00DA0E18 /* Proxima Nova Light.otf */; };
		E6E9B5F8266FBB9B00DA0E18 /* Proxima Nova Extrabold.otf in Resources */ = {isa = PBXBuildFile; fileRef = E6E9B5C7266FBB9B00DA0E18 /* Proxima Nova Extrabold.otf */; };
		E6E9B5F9266FBB9B00DA0E18 /* Proxima Nova Thin Italic.otf in Resources */ = {isa = PBXBuildFile; fileRef = E6E9B5C8266FBB9B00DA0E18 /* Proxima Nova Thin Italic.otf */; };
		E6E9B5FA266FBB9B00DA0E18 /* Proxima Nova Semibold.otf in Resources */ = {isa = PBXBuildFile; fileRef = E6E9B5C9266FBB9B00DA0E18 /* Proxima Nova Semibold.otf */; };
		E6E9B5FB266FBB9B00DA0E18 /* Proxima Nova Extrabold Italic.otf in Resources */ = {isa = PBXBuildFile; fileRef = E6E9B5CA266FBB9B00DA0E18 /* Proxima Nova Extrabold Italic.otf */; };
		E6E9B5FC266FBB9B00DA0E18 /* Proxima Nova Light Italic.otf in Resources */ = {isa = PBXBuildFile; fileRef = E6E9B5CB266FBB9B00DA0E18 /* Proxima Nova Light Italic.otf */; };
		E6E9B5FD266FBB9B00DA0E18 /* Proxima Nova Semibold Italic.otf in Resources */ = {isa = PBXBuildFile; fileRef = E6E9B5CC266FBB9B00DA0E18 /* Proxima Nova Semibold Italic.otf */; };
		E6E9B5FE266FBB9B00DA0E18 /* Proxima Nova Black.otf in Resources */ = {isa = PBXBuildFile; fileRef = E6E9B5CD266FBB9B00DA0E18 /* Proxima Nova Black.otf */; };
		E6E9B5FF266FBB9B00DA0E18 /* Proxima Nova Regular.otf in Resources */ = {isa = PBXBuildFile; fileRef = E6E9B5CE266FBB9B00DA0E18 /* Proxima Nova Regular.otf */; };
		E6E9B600266FBB9B00DA0E18 /* Proxima Nova Bold.otf in Resources */ = {isa = PBXBuildFile; fileRef = E6E9B5CF266FBB9B00DA0E18 /* Proxima Nova Bold.otf */; };
		E6E9B601266FBB9B00DA0E18 /* Proxima Nova Thin.otf in Resources */ = {isa = PBXBuildFile; fileRef = E6E9B5D0266FBB9B00DA0E18 /* Proxima Nova Thin.otf */; };
		E6E9B602266FBB9B00DA0E18 /* Proxima Nova Bold Italic.otf in Resources */ = {isa = PBXBuildFile; fileRef = E6E9B5D1266FBB9B00DA0E18 /* Proxima Nova Bold Italic.otf */; };
		E6E9B603266FBB9B00DA0E18 /* Proxima Nova Regular Italic.otf in Resources */ = {isa = PBXBuildFile; fileRef = E6E9B5D2266FBB9B00DA0E18 /* Proxima Nova Regular Italic.otf */; };
		E6E9B604266FBB9B00DA0E18 /* NotificationDelegate.swift in Sources */ = {isa = PBXBuildFile; fileRef = E6E9B5D4266FBB9B00DA0E18 /* NotificationDelegate.swift */; };
		E6E9B605266FBB9B00DA0E18 /* Utility.swift in Sources */ = {isa = PBXBuildFile; fileRef = E6E9B5D5266FBB9B00DA0E18 /* Utility.swift */; };
		E6E9B606266FBB9B00DA0E18 /* FontChange.swift in Sources */ = {isa = PBXBuildFile; fileRef = E6E9B5D6266FBB9B00DA0E18 /* FontChange.swift */; };
		E6E9B607266FBB9B00DA0E18 /* AppDelegate.swift in Sources */ = {isa = PBXBuildFile; fileRef = E6E9B5D8266FBB9B00DA0E18 /* AppDelegate.swift */; };
		E6E9B608266FBB9B00DA0E18 /* Assets.xcassets in Resources */ = {isa = PBXBuildFile; fileRef = E6E9B5DA266FBB9B00DA0E18 /* Assets.xcassets */; };
		E6E9B612266FBBED00DA0E18 /* FoodListCVC.swift in Sources */ = {isa = PBXBuildFile; fileRef = E6E9B60C266FBBED00DA0E18 /* FoodListCVC.swift */; };
		E6E9B613266FBBED00DA0E18 /* FoodListVC.swift in Sources */ = {isa = PBXBuildFile; fileRef = E6E9B60D266FBBED00DA0E18 /* FoodListVC.swift */; };
		E6E9B614266FBBED00DA0E18 /* FoodListModal.swift in Sources */ = {isa = PBXBuildFile; fileRef = E6E9B60F266FBBED00DA0E18 /* FoodListModal.swift */; };
		E6E9B615266FBBED00DA0E18 /* FoodDetailVC.swift in Sources */ = {isa = PBXBuildFile; fileRef = E6E9B611266FBBED00DA0E18 /* FoodDetailVC.swift */; };
		E6E9B61A266FC2D800DA0E18 /* TabbarVC.swift in Sources */ = {isa = PBXBuildFile; fileRef = E6E9B619266FC2D800DA0E18 /* TabbarVC.swift */; };
		E6E9B61E266FC3FE00DA0E18 /* FavouriteRecipesVC.swift in Sources */ = {isa = PBXBuildFile; fileRef = E6E9B61D266FC3FE00DA0E18 /* FavouriteRecipesVC.swift */; };
		E6E9B620266FC41400DA0E18 /* FavouriteRecipesCVC.swift in Sources */ = {isa = PBXBuildFile; fileRef = E6E9B61F266FC41400DA0E18 /* FavouriteRecipesCVC.swift */; };
/* End PBXBuildFile section */

/* Begin PBXContainerItemProxy section */
		E6E9B581266FBA4600DA0E18 /* PBXContainerItemProxy */ = {
			isa = PBXContainerItemProxy;
			containerPortal = E6E9B562266FBA4200DA0E18 /* Project object */;
			proxyType = 1;
			remoteGlobalIDString = E6E9B569266FBA4200DA0E18;
			remoteInfo = FoodyCookBook;
		};
		E6E9B58C266FBA4600DA0E18 /* PBXContainerItemProxy */ = {
			isa = PBXContainerItemProxy;
			containerPortal = E6E9B562266FBA4200DA0E18 /* Project object */;
			proxyType = 1;
			remoteGlobalIDString = E6E9B569266FBA4200DA0E18;
			remoteInfo = FoodyCookBook;
		};
/* End PBXContainerItemProxy section */

/* Begin PBXFileReference section */
		67670B2CB5244B25AF699F9F /* Pods-FoodyCookBook.debug.xcconfig */ = {isa = PBXFileReference; includeInIndex = 1; lastKnownFileType = text.xcconfig; name = "Pods-FoodyCookBook.debug.xcconfig"; path = "Target Support Files/Pods-FoodyCookBook/Pods-FoodyCookBook.debug.xcconfig"; sourceTree = "<group>"; };
		AC376B558FA5E6652559AD62 /* Pods_FoodyCookBook.framework */ = {isa = PBXFileReference; explicitFileType = wrapper.framework; includeInIndex = 0; path = Pods_FoodyCookBook.framework; sourceTree = BUILT_PRODUCTS_DIR; };
		B600F2E1FCA7DEE2C8148015 /* Pods-FoodyCookBook.release.xcconfig */ = {isa = PBXFileReference; includeInIndex = 1; lastKnownFileType = text.xcconfig; name = "Pods-FoodyCookBook.release.xcconfig"; path = "Target Support Files/Pods-FoodyCookBook/Pods-FoodyCookBook.release.xcconfig"; sourceTree = "<group>"; };
		E647CB3C26DF663000C9B0D3 /* FoodyCookBook-Bridging-Header.h */ = {isa = PBXFileReference; fileEncoding = 4; lastKnownFileType = sourcecode.c.h; path = "FoodyCookBook-Bridging-Header.h"; sourceTree = SOURCE_ROOT; };
		E6E9B56A266FBA4200DA0E18 /* FoodyCookBook.app */ = {isa = PBXFileReference; explicitFileType = wrapper.application; includeInIndex = 0; path = FoodyCookBook.app; sourceTree = BUILT_PRODUCTS_DIR; };
		E6E9B57B266FBA4500DA0E18 /* Info.plist */ = {isa = PBXFileReference; lastKnownFileType = text.plist.xml; path = Info.plist; sourceTree = "<group>"; };
		E6E9B580266FBA4600DA0E18 /* FoodyCookBookTests.xctest */ = {isa = PBXFileReference; explicitFileType = wrapper.cfbundle; includeInIndex = 0; path = FoodyCookBookTests.xctest; sourceTree = BUILT_PRODUCTS_DIR; };
		E6E9B584266FBA4600DA0E18 /* FoodyCookBookTests.swift */ = {isa = PBXFileReference; lastKnownFileType = sourcecode.swift; path = FoodyCookBookTests.swift; sourceTree = "<group>"; };
		E6E9B586266FBA4600DA0E18 /* Info.plist */ = {isa = PBXFileReference; lastKnownFileType = text.plist.xml; path = Info.plist; sourceTree = "<group>"; };
		E6E9B58B266FBA4600DA0E18 /* FoodyCookBookUITests.xctest */ = {isa = PBXFileReference; explicitFileType = wrapper.cfbundle; includeInIndex = 0; path = FoodyCookBookUITests.xctest; sourceTree = BUILT_PRODUCTS_DIR; };
		E6E9B58F266FBA4600DA0E18 /* FoodyCookBookUITests.swift */ = {isa = PBXFileReference; lastKnownFileType = sourcecode.swift; path = FoodyCookBookUITests.swift; sourceTree = "<group>"; };
		E6E9B591266FBA4600DA0E18 /* Info.plist */ = {isa = PBXFileReference; lastKnownFileType = text.plist.xml; path = Info.plist; sourceTree = "<group>"; };
		E6E9B59F266FBB9A00DA0E18 /* Base */ = {isa = PBXFileReference; lastKnownFileType = file.storyboard; name = Base; path = Base.lproj/LaunchScreen.storyboard; sourceTree = "<group>"; };
		E6E9B5A0266FBB9A00DA0E18 /* Main.storyboard */ = {isa = PBXFileReference; fileEncoding = 4; lastKnownFileType = file.storyboard; path = Main.storyboard; sourceTree = "<group>"; };
		E6E9B5A2266FBB9A00DA0E18 /* Color.xcassets */ = {isa = PBXFileReference; lastKnownFileType = folder.assetcatalog; path = Color.xcassets; sourceTree = "<group>"; };
		E6E9B5A5266FBB9A00DA0E18 /* ApiCall.swift */ = {isa = PBXFileReference; fileEncoding = 4; lastKnownFileType = sourcecode.swift; path = ApiCall.swift; sourceTree = "<group>"; };
		E6E9B5A6266FBB9A00DA0E18 /* MultiPart.swift */ = {isa = PBXFileReference; fileEncoding = 4; lastKnownFileType = sourcecode.swift; path = MultiPart.swift; sourceTree = "<group>"; };
		E6E9B5A8266FBB9A00DA0E18 /* JsonSerializerSwift.h */ = {isa = PBXFileReference; fileEncoding = 4; lastKnownFileType = sourcecode.c.h; path = JsonSerializerSwift.h; sourceTree = "<group>"; };
		E6E9B5A9266FBB9A00DA0E18 /* JsonSerializer.swift */ = {isa = PBXFileReference; fileEncoding = 4; lastKnownFileType = sourcecode.swift; path = JsonSerializer.swift; sourceTree = "<group>"; };
		E6E9B5AB266FBB9B00DA0E18 /* ArrayExtensions.swift */ = {isa = PBXFileReference; fileEncoding = 4; lastKnownFileType = sourcecode.swift; path = ArrayExtensions.swift; sourceTree = "<group>"; };
		E6E9B5AC266FBB9B00DA0E18 /* FloatExtensions.swift */ = {isa = PBXFileReference; fileEncoding = 4; lastKnownFileType = sourcecode.swift; path = FloatExtensions.swift; sourceTree = "<group>"; };
		E6E9B5AD266FBB9B00DA0E18 /* ColorChange.swift */ = {isa = PBXFileReference; fileEncoding = 4; lastKnownFileType = sourcecode.swift; path = ColorChange.swift; sourceTree = "<group>"; };
		E6E9B5AE266FBB9B00DA0E18 /* PlaceholderTextView.swift */ = {isa = PBXFileReference; fileEncoding = 4; lastKnownFileType = sourcecode.swift; path = PlaceholderTextView.swift; sourceTree = "<group>"; };
		E6E9B5AF266FBB9B00DA0E18 /* DictionaryExtensions.swift */ = {isa = PBXFileReference; fileEncoding = 4; lastKnownFileType = sourcecode.swift; path = DictionaryExtensions.swift; sourceTree = "<group>"; };
		E6E9B5B0266FBB9B00DA0E18 /* StringExtensions.swift */ = {isa = PBXFileReference; fileEncoding = 4; lastKnownFileType = sourcecode.swift; path = StringExtensions.swift; sourceTree = "<group>"; };
		E6E9B5B1266FBB9B00DA0E18 /* ExtensionImagePickerOption.swift */ = {isa = PBXFileReference; fileEncoding = 4; lastKnownFileType = sourcecode.swift; path = ExtensionImagePickerOption.swift; sourceTree = "<group>"; };
		E6E9B5B2266FBB9B00DA0E18 /* Extension.swift */ = {isa = PBXFileReference; fileEncoding = 4; lastKnownFileType = sourcecode.swift; path = Extension.swift; sourceTree = "<group>"; };
		E6E9B5B3266FBB9B00DA0E18 /* DoubleExtensions.swift */ = {isa = PBXFileReference; fileEncoding = 4; lastKnownFileType = sourcecode.swift; path = DoubleExtensions.swift; sourceTree = "<group>"; };
		E6E9B5B4266FBB9B00DA0E18 /* ViewExtension.swift */ = {isa = PBXFileReference; fileEncoding = 4; lastKnownFileType = sourcecode.swift; path = ViewExtension.swift; sourceTree = "<group>"; };
		E6E9B5B5266FBB9B00DA0E18 /* MonthYearPickerView.swift */ = {isa = PBXFileReference; fileEncoding = 4; lastKnownFileType = sourcecode.swift; path = MonthYearPickerView.swift; sourceTree = "<group>"; };
		E6E9B5B6266FBB9B00DA0E18 /* IntExtensions.swift */ = {isa = PBXFileReference; fileEncoding = 4; lastKnownFileType = sourcecode.swift; path = IntExtensions.swift; sourceTree = "<group>"; };
		E6E9B5B7266FBB9B00DA0E18 /* DateExtensions.swift */ = {isa = PBXFileReference; fileEncoding = 4; lastKnownFileType = sourcecode.swift; path = DateExtensions.swift; sourceTree = "<group>"; };
		E6E9B5B8266FBB9B00DA0E18 /* OptionalExtensions.swift */ = {isa = PBXFileReference; fileEncoding = 4; lastKnownFileType = sourcecode.swift; path = OptionalExtensions.swift; sourceTree = "<group>"; };
		E6E9B5BA266FBB9B00DA0E18 /* Constants.swift */ = {isa = PBXFileReference; fileEncoding = 4; lastKnownFileType = sourcecode.swift; path = Constants.swift; sourceTree = "<group>"; };
		E6E9B5BC266FBB9B00DA0E18 /* TermCondition.docx */ = {isa = PBXFileReference; lastKnownFileType = file; path = TermCondition.docx; sourceTree = "<group>"; };
		E6E9B5BE266FBB9B00DA0E18 /* UISideMenuNavigationController.swift */ = {isa = PBXFileReference; fileEncoding = 4; lastKnownFileType = sourcecode.swift; path = UISideMenuNavigationController.swift; sourceTree = "<group>"; };
		E6E9B5BF266FBB9B00DA0E18 /* SideMenuManager.swift */ = {isa = PBXFileReference; fileEncoding = 4; lastKnownFileType = sourcecode.swift; path = SideMenuManager.swift; sourceTree = "<group>"; };
		E6E9B5C0266FBB9B00DA0E18 /* SideMenuTransition.swift */ = {isa = PBXFileReference; fileEncoding = 4; lastKnownFileType = sourcecode.swift; path = SideMenuTransition.swift; sourceTree = "<group>"; };
		E6E9B5C1266FBB9B00DA0E18 /* UITableViewVibrantCell.swift */ = {isa = PBXFileReference; fileEncoding = 4; lastKnownFileType = sourcecode.swift; path = UITableViewVibrantCell.swift; sourceTree = "<group>"; };
		E6E9B5C3266FBB9B00DA0E18 /* ConnectionCheck.swift */ = {isa = PBXFileReference; fileEncoding = 4; lastKnownFileType = sourcecode.swift; path = ConnectionCheck.swift; sourceTree = "<group>"; };
		E6E9B5C5266FBB9B00DA0E18 /* Proxima Nova Black Italic.otf */ = {isa = PBXFileReference; lastKnownFileType = file; path = "Proxima Nova Black Italic.otf"; sourceTree = "<group>"; };
		E6E9B5C6266FBB9B00DA0E18 /* Proxima Nova Light.otf */ = {isa = PBXFileReference; lastKnownFileType = file; path = "Proxima Nova Light.otf"; sourceTree = "<group>"; };
		E6E9B5C7266FBB9B00DA0E18 /* Proxima Nova Extrabold.otf */ = {isa = PBXFileReference; lastKnownFileType = file; path = "Proxima Nova Extrabold.otf"; sourceTree = "<group>"; };
		E6E9B5C8266FBB9B00DA0E18 /* Proxima Nova Thin Italic.otf */ = {isa = PBXFileReference; lastKnownFileType = file; path = "Proxima Nova Thin Italic.otf"; sourceTree = "<group>"; };
		E6E9B5C9266FBB9B00DA0E18 /* Proxima Nova Semibold.otf */ = {isa = PBXFileReference; lastKnownFileType = file; path = "Proxima Nova Semibold.otf"; sourceTree = "<group>"; };
		E6E9B5CA266FBB9B00DA0E18 /* Proxima Nova Extrabold Italic.otf */ = {isa = PBXFileReference; lastKnownFileType = file; path = "Proxima Nova Extrabold Italic.otf"; sourceTree = "<group>"; };
		E6E9B5CB266FBB9B00DA0E18 /* Proxima Nova Light Italic.otf */ = {isa = PBXFileReference; lastKnownFileType = file; path = "Proxima Nova Light Italic.otf"; sourceTree = "<group>"; };
		E6E9B5CC266FBB9B00DA0E18 /* Proxima Nova Semibold Italic.otf */ = {isa = PBXFileReference; lastKnownFileType = file; path = "Proxima Nova Semibold Italic.otf"; sourceTree = "<group>"; };
		E6E9B5CD266FBB9B00DA0E18 /* Proxima Nova Black.otf */ = {isa = PBXFileReference; lastKnownFileType = file; path = "Proxima Nova Black.otf"; sourceTree = "<group>"; };
		E6E9B5CE266FBB9B00DA0E18 /* Proxima Nova Regular.otf */ = {isa = PBXFileReference; lastKnownFileType = file; path = "Proxima Nova Regular.otf"; sourceTree = "<group>"; };
		E6E9B5CF266FBB9B00DA0E18 /* Proxima Nova Bold.otf */ = {isa = PBXFileReference; lastKnownFileType = file; path = "Proxima Nova Bold.otf"; sourceTree = "<group>"; };
		E6E9B5D0266FBB9B00DA0E18 /* Proxima Nova Thin.otf */ = {isa = PBXFileReference; lastKnownFileType = file; path = "Proxima Nova Thin.otf"; sourceTree = "<group>"; };
		E6E9B5D1266FBB9B00DA0E18 /* Proxima Nova Bold Italic.otf */ = {isa = PBXFileReference; lastKnownFileType = file; path = "Proxima Nova Bold Italic.otf"; sourceTree = "<group>"; };
		E6E9B5D2266FBB9B00DA0E18 /* Proxima Nova Regular Italic.otf */ = {isa = PBXFileReference; lastKnownFileType = file; path = "Proxima Nova Regular Italic.otf"; sourceTree = "<group>"; };
		E6E9B5D4266FBB9B00DA0E18 /* NotificationDelegate.swift */ = {isa = PBXFileReference; fileEncoding = 4; lastKnownFileType = sourcecode.swift; path = NotificationDelegate.swift; sourceTree = "<group>"; };
		E6E9B5D5266FBB9B00DA0E18 /* Utility.swift */ = {isa = PBXFileReference; fileEncoding = 4; lastKnownFileType = sourcecode.swift; path = Utility.swift; sourceTree = "<group>"; };
		E6E9B5D6266FBB9B00DA0E18 /* FontChange.swift */ = {isa = PBXFileReference; fileEncoding = 4; lastKnownFileType = sourcecode.swift; path = FontChange.swift; sourceTree = "<group>"; };
		E6E9B5D8266FBB9B00DA0E18 /* AppDelegate.swift */ = {isa = PBXFileReference; fileEncoding = 4; lastKnownFileType = sourcecode.swift; path = AppDelegate.swift; sourceTree = "<group>"; };
		E6E9B5DA266FBB9B00DA0E18 /* Assets.xcassets */ = {isa = PBXFileReference; lastKnownFileType = folder.assetcatalog; path = Assets.xcassets; sourceTree = "<group>"; };
		E6E9B60C266FBBED00DA0E18 /* FoodListCVC.swift */ = {isa = PBXFileReference; fileEncoding = 4; lastKnownFileType = sourcecode.swift; path = FoodListCVC.swift; sourceTree = "<group>"; };
		E6E9B60D266FBBED00DA0E18 /* FoodListVC.swift */ = {isa = PBXFileReference; fileEncoding = 4; lastKnownFileType = sourcecode.swift; path = FoodListVC.swift; sourceTree = "<group>"; };
		E6E9B60F266FBBED00DA0E18 /* FoodListModal.swift */ = {isa = PBXFileReference; fileEncoding = 4; lastKnownFileType = sourcecode.swift; path = FoodListModal.swift; sourceTree = "<group>"; };
		E6E9B611266FBBED00DA0E18 /* FoodDetailVC.swift */ = {isa = PBXFileReference; fileEncoding = 4; lastKnownFileType = sourcecode.swift; path = FoodDetailVC.swift; sourceTree = "<group>"; };
		E6E9B619266FC2D800DA0E18 /* TabbarVC.swift */ = {isa = PBXFileReference; lastKnownFileType = sourcecode.swift; path = TabbarVC.swift; sourceTree = "<group>"; };
		E6E9B61D266FC3FE00DA0E18 /* FavouriteRecipesVC.swift */ = {isa = PBXFileReference; lastKnownFileType = sourcecode.swift; path = FavouriteRecipesVC.swift; sourceTree = "<group>"; };
		E6E9B61F266FC41400DA0E18 /* FavouriteRecipesCVC.swift */ = {isa = PBXFileReference; lastKnownFileType = sourcecode.swift; path = FavouriteRecipesCVC.swift; sourceTree = "<group>"; };
/* End PBXFileReference section */

/* Begin PBXFrameworksBuildPhase section */
		E6E9B567266FBA4200DA0E18 /* Frameworks */ = {
			isa = PBXFrameworksBuildPhase;
			buildActionMask = 2147483647;
			files = (
				444C785FE4238906A6FA17B8 /* Pods_FoodyCookBook.framework in Frameworks */,
			);
			runOnlyForDeploymentPostprocessing = 0;
		};
		E6E9B57D266FBA4600DA0E18 /* Frameworks */ = {
			isa = PBXFrameworksBuildPhase;
			buildActionMask = 2147483647;
			files = (
			);
			runOnlyForDeploymentPostprocessing = 0;
		};
		E6E9B588266FBA4600DA0E18 /* Frameworks */ = {
			isa = PBXFrameworksBuildPhase;
			buildActionMask = 2147483647;
			files = (
			);
			runOnlyForDeploymentPostprocessing = 0;
		};
/* End PBXFrameworksBuildPhase section */

/* Begin PBXGroup section */
		81BDEFBE2D138464778A15A8 /* Pods */ = {
			isa = PBXGroup;
			children = (
				67670B2CB5244B25AF699F9F /* Pods-FoodyCookBook.debug.xcconfig */,
				B600F2E1FCA7DEE2C8148015 /* Pods-FoodyCookBook.release.xcconfig */,
			);
			path = Pods;
			sourceTree = "<group>";
		};
		DA130EC7E3EC4A10843D8E7B /* Frameworks */ = {
			isa = PBXGroup;
			children = (
				AC376B558FA5E6652559AD62 /* Pods_FoodyCookBook.framework */,
			);
			name = Frameworks;
			sourceTree = "<group>";
		};
		E6E9B561266FBA4200DA0E18 = {
			isa = PBXGroup;
			children = (
				E6E9B56C266FBA4200DA0E18 /* FoodyCookBook */,
				E6E9B583266FBA4600DA0E18 /* FoodyCookBookTests */,
				E6E9B58E266FBA4600DA0E18 /* FoodyCookBookUITests */,
				E6E9B56B266FBA4200DA0E18 /* Products */,
				81BDEFBE2D138464778A15A8 /* Pods */,
				DA130EC7E3EC4A10843D8E7B /* Frameworks */,
			);
			sourceTree = "<group>";
		};
		E6E9B56B266FBA4200DA0E18 /* Products */ = {
			isa = PBXGroup;
			children = (
				E6E9B56A266FBA4200DA0E18 /* FoodyCookBook.app */,
				E6E9B580266FBA4600DA0E18 /* FoodyCookBookTests.xctest */,
				E6E9B58B266FBA4600DA0E18 /* FoodyCookBookUITests.xctest */,
			);
			name = Products;
			sourceTree = "<group>";
		};
		E6E9B56C266FBA4200DA0E18 /* FoodyCookBook */ = {
			isa = PBXGroup;
			children = (
				E6E9B5D7266FBB9B00DA0E18 /* AppDelegate */,
				E6E9B5A1266FBB9A00DA0E18 /* Colors */,
				E6E9B59D266FBB9A00DA0E18 /* Design */,
				E6E9B5A3266FBB9A00DA0E18 /* Helper */,
				E6E9B5D9266FBB9B00DA0E18 /* Images */,
				E6E9B57B266FBA4500DA0E18 /* Info.plist */,
				E6E9B609266FBBED00DA0E18 /* Modules */,
			);
			path = FoodyCookBook;
			sourceTree = "<group>";
		};
		E6E9B583266FBA4600DA0E18 /* FoodyCookBookTests */ = {
			isa = PBXGroup;
			children = (
				E6E9B584266FBA4600DA0E18 /* FoodyCookBookTests.swift */,
				E6E9B586266FBA4600DA0E18 /* Info.plist */,
			);
			path = FoodyCookBookTests;
			sourceTree = "<group>";
		};
		E6E9B58E266FBA4600DA0E18 /* FoodyCookBookUITests */ = {
			isa = PBXGroup;
			children = (
				E6E9B58F266FBA4600DA0E18 /* FoodyCookBookUITests.swift */,
				E6E9B591266FBA4600DA0E18 /* Info.plist */,
			);
			path = FoodyCookBookUITests;
			sourceTree = "<group>";
		};
		E6E9B59D266FBB9A00DA0E18 /* Design */ = {
			isa = PBXGroup;
			children = (
				E6E9B59E266FBB9A00DA0E18 /* LaunchScreen.storyboard */,
				E6E9B5A0266FBB9A00DA0E18 /* Main.storyboard */,
			);
			path = Design;
			sourceTree = "<group>";
		};
		E6E9B5A1266FBB9A00DA0E18 /* Colors */ = {
			isa = PBXGroup;
			children = (
				E6E9B5A2266FBB9A00DA0E18 /* Color.xcassets */,
			);
			path = Colors;
			sourceTree = "<group>";
		};
		E6E9B5A3266FBB9A00DA0E18 /* Helper */ = {
			isa = PBXGroup;
			children = (
				E6E9B5A4266FBB9A00DA0E18 /* ApiCall */,
				E6E9B5B9266FBB9B00DA0E18 /* Constants */,
				E6E9B5BB266FBB9B00DA0E18 /* Document */,
				E6E9B5AA266FBB9A00DA0E18 /* Extension */,
				E6E9B5C4266FBB9B00DA0E18 /* Fonts */,
				E6E9B616266FBC3A00DA0E18 /* Header File */,
				E6E9B5A7266FBB9A00DA0E18 /* JsonSerializerSwift */,
				E6E9B5C2266FBB9B00DA0E18 /* Reachability */,
				E6E9B5BD266FBB9B00DA0E18 /* SideMenu */,
				E6E9B5D3266FBB9B00DA0E18 /* Utility */,
			);
			path = Helper;
			sourceTree = "<group>";
		};
		E6E9B5A4266FBB9A00DA0E18 /* ApiCall */ = {
			isa = PBXGroup;
			children = (
				E6E9B5A5266FBB9A00DA0E18 /* ApiCall.swift */,
				E6E9B5A6266FBB9A00DA0E18 /* MultiPart.swift */,
			);
			path = ApiCall;
			sourceTree = "<group>";
		};
		E6E9B5A7266FBB9A00DA0E18 /* JsonSerializerSwift */ = {
			isa = PBXGroup;
			children = (
				E6E9B5A8266FBB9A00DA0E18 /* JsonSerializerSwift.h */,
				E6E9B5A9266FBB9A00DA0E18 /* JsonSerializer.swift */,
			);
			path = JsonSerializerSwift;
			sourceTree = "<group>";
		};
		E6E9B5AA266FBB9A00DA0E18 /* Extension */ = {
			isa = PBXGroup;
			children = (
				E6E9B5AB266FBB9B00DA0E18 /* ArrayExtensions.swift */,
				E6E9B5AC266FBB9B00DA0E18 /* FloatExtensions.swift */,
				E6E9B5AD266FBB9B00DA0E18 /* ColorChange.swift */,
				E6E9B5AE266FBB9B00DA0E18 /* PlaceholderTextView.swift */,
				E6E9B5AF266FBB9B00DA0E18 /* DictionaryExtensions.swift */,
				E6E9B5B0266FBB9B00DA0E18 /* StringExtensions.swift */,
				E6E9B5B1266FBB9B00DA0E18 /* ExtensionImagePickerOption.swift */,
				E6E9B5B2266FBB9B00DA0E18 /* Extension.swift */,
				E6E9B5B3266FBB9B00DA0E18 /* DoubleExtensions.swift */,
				E6E9B5B4266FBB9B00DA0E18 /* ViewExtension.swift */,
				E6E9B5B5266FBB9B00DA0E18 /* MonthYearPickerView.swift */,
				E6E9B5B6266FBB9B00DA0E18 /* IntExtensions.swift */,
				E6E9B5B7266FBB9B00DA0E18 /* DateExtensions.swift */,
				E6E9B5B8266FBB9B00DA0E18 /* OptionalExtensions.swift */,
			);
			path = Extension;
			sourceTree = "<group>";
		};
		E6E9B5B9266FBB9B00DA0E18 /* Constants */ = {
			isa = PBXGroup;
			children = (
				E6E9B5BA266FBB9B00DA0E18 /* Constants.swift */,
			);
			path = Constants;
			sourceTree = "<group>";
		};
		E6E9B5BB266FBB9B00DA0E18 /* Document */ = {
			isa = PBXGroup;
			children = (
				E6E9B5BC266FBB9B00DA0E18 /* TermCondition.docx */,
			);
			path = Document;
			sourceTree = "<group>";
		};
		E6E9B5BD266FBB9B00DA0E18 /* SideMenu */ = {
			isa = PBXGroup;
			children = (
				E6E9B5BE266FBB9B00DA0E18 /* UISideMenuNavigationController.swift */,
				E6E9B5BF266FBB9B00DA0E18 /* SideMenuManager.swift */,
				E6E9B5C0266FBB9B00DA0E18 /* SideMenuTransition.swift */,
				E6E9B5C1266FBB9B00DA0E18 /* UITableViewVibrantCell.swift */,
			);
			path = SideMenu;
			sourceTree = "<group>";
		};
		E6E9B5C2266FBB9B00DA0E18 /* Reachability */ = {
			isa = PBXGroup;
			children = (
				E6E9B5C3266FBB9B00DA0E18 /* ConnectionCheck.swift */,
			);
			path = Reachability;
			sourceTree = "<group>";
		};
		E6E9B5C4266FBB9B00DA0E18 /* Fonts */ = {
			isa = PBXGroup;
			children = (
				E6E9B5C5266FBB9B00DA0E18 /* Proxima Nova Black Italic.otf */,
				E6E9B5C6266FBB9B00DA0E18 /* Proxima Nova Light.otf */,
				E6E9B5C7266FBB9B00DA0E18 /* Proxima Nova Extrabold.otf */,
				E6E9B5C8266FBB9B00DA0E18 /* Proxima Nova Thin Italic.otf */,
				E6E9B5C9266FBB9B00DA0E18 /* Proxima Nova Semibold.otf */,
				E6E9B5CA266FBB9B00DA0E18 /* Proxima Nova Extrabold Italic.otf */,
				E6E9B5CB266FBB9B00DA0E18 /* Proxima Nova Light Italic.otf */,
				E6E9B5CC266FBB9B00DA0E18 /* Proxima Nova Semibold Italic.otf */,
				E6E9B5CD266FBB9B00DA0E18 /* Proxima Nova Black.otf */,
				E6E9B5CE266FBB9B00DA0E18 /* Proxima Nova Regular.otf */,
				E6E9B5CF266FBB9B00DA0E18 /* Proxima Nova Bold.otf */,
				E6E9B5D0266FBB9B00DA0E18 /* Proxima Nova Thin.otf */,
				E6E9B5D1266FBB9B00DA0E18 /* Proxima Nova Bold Italic.otf */,
				E6E9B5D2266FBB9B00DA0E18 /* Proxima Nova Regular Italic.otf */,
			);
			path = Fonts;
			sourceTree = "<group>";
		};
		E6E9B5D3266FBB9B00DA0E18 /* Utility */ = {
			isa = PBXGroup;
			children = (
				E6E9B5D4266FBB9B00DA0E18 /* NotificationDelegate.swift */,
				E6E9B5D5266FBB9B00DA0E18 /* Utility.swift */,
				E6E9B5D6266FBB9B00DA0E18 /* FontChange.swift */,
			);
			path = Utility;
			sourceTree = "<group>";
		};
		E6E9B5D7266FBB9B00DA0E18 /* AppDelegate */ = {
			isa = PBXGroup;
			children = (
				E6E9B5D8266FBB9B00DA0E18 /* AppDelegate.swift */,
			);
			path = AppDelegate;
			sourceTree = "<group>";
		};
		E6E9B5D9266FBB9B00DA0E18 /* Images */ = {
			isa = PBXGroup;
			children = (
				E6E9B5DA266FBB9B00DA0E18 /* Assets.xcassets */,
			);
			path = Images;
			sourceTree = "<group>";
		};
		E6E9B609266FBBED00DA0E18 /* Modules */ = {
			isa = PBXGroup;
			children = (
				E6E9B61B266FC3AB00DA0E18 /* Favourite Recipes */,
				E6E9B610266FBBED00DA0E18 /* Food Detail */,
				E6E9B60A266FBBED00DA0E18 /* Food List */,
				E6E9B618266FC2B800DA0E18 /* Tabbar */,
			);
			path = Modules;
			sourceTree = "<group>";
		};
		E6E9B60A266FBBED00DA0E18 /* Food List */ = {
			isa = PBXGroup;
			children = (
				E6E9B60B266FBBED00DA0E18 /* Cell */,
				E6E9B60D266FBBED00DA0E18 /* FoodListVC.swift */,
				E6E9B60E266FBBED00DA0E18 /* Modal */,
			);
			path = "Food List";
			sourceTree = "<group>";
		};
		E6E9B60B266FBBED00DA0E18 /* Cell */ = {
			isa = PBXGroup;
			children = (
				E6E9B60C266FBBED00DA0E18 /* FoodListCVC.swift */,
			);
			path = Cell;
			sourceTree = "<group>";
		};
		E6E9B60E266FBBED00DA0E18 /* Modal */ = {
			isa = PBXGroup;
			children = (
				E6E9B60F266FBBED00DA0E18 /* FoodListModal.swift */,
			);
			path = Modal;
			sourceTree = "<group>";
		};
		E6E9B610266FBBED00DA0E18 /* Food Detail */ = {
			isa = PBXGroup;
			children = (
				E6E9B611266FBBED00DA0E18 /* FoodDetailVC.swift */,
			);
			path = "Food Detail";
			sourceTree = "<group>";
		};
		E6E9B616266FBC3A00DA0E18 /* Header File */ = {
			isa = PBXGroup;
			children = (
				E647CB3C26DF663000C9B0D3 /* FoodyCookBook-Bridging-Header.h */,
			);
			path = "Header File";
			sourceTree = "<group>";
		};
		E6E9B618266FC2B800DA0E18 /* Tabbar */ = {
			isa = PBXGroup;
			children = (
				E6E9B619266FC2D800DA0E18 /* TabbarVC.swift */,
			);
			path = Tabbar;
			sourceTree = "<group>";
		};
		E6E9B61B266FC3AB00DA0E18 /* Favourite Recipes */ = {
			isa = PBXGroup;
			children = (
				E6E9B61C266FC3EA00DA0E18 /* Cell */,
				E6E9B61D266FC3FE00DA0E18 /* FavouriteRecipesVC.swift */,
			);
			path = "Favourite Recipes";
			sourceTree = "<group>";
		};
		E6E9B61C266FC3EA00DA0E18 /* Cell */ = {
			isa = PBXGroup;
			children = (
				E6E9B61F266FC41400DA0E18 /* FavouriteRecipesCVC.swift */,
			);
			path = Cell;
			sourceTree = "<group>";
		};
/* End PBXGroup section */

/* Begin PBXNativeTarget section */
		E6E9B569266FBA4200DA0E18 /* FoodyCookBook */ = {
			isa = PBXNativeTarget;
			buildConfigurationList = E6E9B594266FBA4600DA0E18 /* Build configuration list for PBXNativeTarget "FoodyCookBook" */;
			buildPhases = (
				DCFC3336B7C8399751B914BF /* [CP] Check Pods Manifest.lock */,
				E6E9B566266FBA4200DA0E18 /* Sources */,
				E6E9B567266FBA4200DA0E18 /* Frameworks */,
				E6E9B568266FBA4200DA0E18 /* Resources */,
				FD0419AD23DE304EFAA01ADF /* [CP] Embed Pods Frameworks */,
			);
			buildRules = (
			);
			dependencies = (
			);
			name = FoodyCookBook;
			productName = FoodyCookBook;
			productReference = E6E9B56A266FBA4200DA0E18 /* FoodyCookBook.app */;
			productType = "com.apple.product-type.application";
		};
		E6E9B57F266FBA4600DA0E18 /* FoodyCookBookTests */ = {
			isa = PBXNativeTarget;
			buildConfigurationList = E6E9B597266FBA4600DA0E18 /* Build configuration list for PBXNativeTarget "FoodyCookBookTests" */;
			buildPhases = (
				E6E9B57C266FBA4600DA0E18 /* Sources */,
				E6E9B57D266FBA4600DA0E18 /* Frameworks */,
				E6E9B57E266FBA4600DA0E18 /* Resources */,
			);
			buildRules = (
			);
			dependencies = (
				E6E9B582266FBA4600DA0E18 /* PBXTargetDependency */,
			);
			name = FoodyCookBookTests;
			productName = FoodyCookBookTests;
			productReference = E6E9B580266FBA4600DA0E18 /* FoodyCookBookTests.xctest */;
			productType = "com.apple.product-type.bundle.unit-test";
		};
		E6E9B58A266FBA4600DA0E18 /* FoodyCookBookUITests */ = {
			isa = PBXNativeTarget;
			buildConfigurationList = E6E9B59A266FBA4600DA0E18 /* Build configuration list for PBXNativeTarget "FoodyCookBookUITests" */;
			buildPhases = (
				E6E9B587266FBA4600DA0E18 /* Sources */,
				E6E9B588266FBA4600DA0E18 /* Frameworks */,
				E6E9B589266FBA4600DA0E18 /* Resources */,
			);
			buildRules = (
			);
			dependencies = (
				E6E9B58D266FBA4600DA0E18 /* PBXTargetDependency */,
			);
			name = FoodyCookBookUITests;
			productName = FoodyCookBookUITests;
			productReference = E6E9B58B266FBA4600DA0E18 /* FoodyCookBookUITests.xctest */;
			productType = "com.apple.product-type.bundle.ui-testing";
		};
/* End PBXNativeTarget section */

/* Begin PBXProject section */
		E6E9B562266FBA4200DA0E18 /* Project object */ = {
			isa = PBXProject;
			attributes = {
				LastSwiftUpdateCheck = 1250;
				LastUpgradeCheck = 1250;
				TargetAttributes = {
					E6E9B569266FBA4200DA0E18 = {
						CreatedOnToolsVersion = 12.5;
					};
					E6E9B57F266FBA4600DA0E18 = {
						CreatedOnToolsVersion = 12.5;
						TestTargetID = E6E9B569266FBA4200DA0E18;
					};
					E6E9B58A266FBA4600DA0E18 = {
						CreatedOnToolsVersion = 12.5;
						TestTargetID = E6E9B569266FBA4200DA0E18;
					};
				};
			};
			buildConfigurationList = E6E9B565266FBA4200DA0E18 /* Build configuration list for PBXProject "FoodyCookBook" */;
			compatibilityVersion = "Xcode 9.3";
			developmentRegion = en;
			hasScannedForEncodings = 0;
			knownRegions = (
				en,
				Base,
			);
			mainGroup = E6E9B561266FBA4200DA0E18;
			productRefGroup = E6E9B56B266FBA4200DA0E18 /* Products */;
			projectDirPath = "";
			projectRoot = "";
			targets = (
				E6E9B569266FBA4200DA0E18 /* FoodyCookBook */,
				E6E9B57F266FBA4600DA0E18 /* FoodyCookBookTests */,
				E6E9B58A266FBA4600DA0E18 /* FoodyCookBookUITests */,
			);
		};
/* End PBXProject section */

/* Begin PBXResourcesBuildPhase section */
		E6E9B568266FBA4200DA0E18 /* Resources */ = {
			isa = PBXResourcesBuildPhase;
			buildActionMask = 2147483647;
			files = (
				E6E9B5F9266FBB9B00DA0E18 /* Proxima Nova Thin Italic.otf in Resources */,
				E6E9B5DB266FBB9B00DA0E18 /* LaunchScreen.storyboard in Resources */,
				E6E9B602266FBB9B00DA0E18 /* Proxima Nova Bold Italic.otf in Resources */,
				E6E9B608266FBB9B00DA0E18 /* Assets.xcassets in Resources */,
				E6E9B5F7266FBB9B00DA0E18 /* Proxima Nova Light.otf in Resources */,
				E6E9B601266FBB9B00DA0E18 /* Proxima Nova Thin.otf in Resources */,
				E6E9B5FC266FBB9B00DA0E18 /* Proxima Nova Light Italic.otf in Resources */,
				E6E9B603266FBB9B00DA0E18 /* Proxima Nova Regular Italic.otf in Resources */,
				E6E9B5F6266FBB9B00DA0E18 /* Proxima Nova Black Italic.otf in Resources */,
				E6E9B5FF266FBB9B00DA0E18 /* Proxima Nova Regular.otf in Resources */,
				E6E9B5FA266FBB9B00DA0E18 /* Proxima Nova Semibold.otf in Resources */,
				E6E9B5FE266FBB9B00DA0E18 /* Proxima Nova Black.otf in Resources */,
				E6E9B5FB266FBB9B00DA0E18 /* Proxima Nova Extrabold Italic.otf in Resources */,
				E6E9B600266FBB9B00DA0E18 /* Proxima Nova Bold.otf in Resources */,
				E6E9B5F0266FBB9B00DA0E18 /* TermCondition.docx in Resources */,
				E6E9B5FD266FBB9B00DA0E18 /* Proxima Nova Semibold Italic.otf in Resources */,
				E6E9B5F8266FBB9B00DA0E18 /* Proxima Nova Extrabold.otf in Resources */,
				E6E9B5DC266FBB9B00DA0E18 /* Main.storyboard in Resources */,
				E6E9B5DD266FBB9B00DA0E18 /* Color.xcassets in Resources */,
			);
			runOnlyForDeploymentPostprocessing = 0;
		};
		E6E9B57E266FBA4600DA0E18 /* Resources */ = {
			isa = PBXResourcesBuildPhase;
			buildActionMask = 2147483647;
			files = (
			);
			runOnlyForDeploymentPostprocessing = 0;
		};
		E6E9B589266FBA4600DA0E18 /* Resources */ = {
			isa = PBXResourcesBuildPhase;
			buildActionMask = 2147483647;
			files = (
			);
			runOnlyForDeploymentPostprocessing = 0;
		};
/* End PBXResourcesBuildPhase section */

/* Begin PBXShellScriptBuildPhase section */
		DCFC3336B7C8399751B914BF /* [CP] Check Pods Manifest.lock */ = {
			isa = PBXShellScriptBuildPhase;
			buildActionMask = 2147483647;
			files = (
			);
			inputFileListPaths = (
			);
			inputPaths = (
				"${PODS_PODFILE_DIR_PATH}/Podfile.lock",
				"${PODS_ROOT}/Manifest.lock",
			);
			name = "[CP] Check Pods Manifest.lock";
			outputFileListPaths = (
			);
			outputPaths = (
				"$(DERIVED_FILE_DIR)/Pods-FoodyCookBook-checkManifestLockResult.txt",
			);
			runOnlyForDeploymentPostprocessing = 0;
			shellPath = /bin/sh;
			shellScript = "diff \"${PODS_PODFILE_DIR_PATH}/Podfile.lock\" \"${PODS_ROOT}/Manifest.lock\" > /dev/null\nif [ $? != 0 ] ; then\n    # print error to STDERR\n    echo \"error: The sandbox is not in sync with the Podfile.lock. Run 'pod install' or update your CocoaPods installation.\" >&2\n    exit 1\nfi\n# This output is used by Xcode 'outputs' to avoid re-running this script phase.\necho \"SUCCESS\" > \"${SCRIPT_OUTPUT_FILE_0}\"\n";
			showEnvVarsInLog = 0;
		};
		FD0419AD23DE304EFAA01ADF /* [CP] Embed Pods Frameworks */ = {
			isa = PBXShellScriptBuildPhase;
			buildActionMask = 2147483647;
			files = (
			);
			inputFileListPaths = (
				"${PODS_ROOT}/Target Support Files/Pods-FoodyCookBook/Pods-FoodyCookBook-frameworks-${CONFIGURATION}-input-files.xcfilelist",
			);
			name = "[CP] Embed Pods Frameworks";
			outputFileListPaths = (
				"${PODS_ROOT}/Target Support Files/Pods-FoodyCookBook/Pods-FoodyCookBook-frameworks-${CONFIGURATION}-output-files.xcfilelist",
			);
			runOnlyForDeploymentPostprocessing = 0;
			shellPath = /bin/sh;
			shellScript = "\"${PODS_ROOT}/Target Support Files/Pods-FoodyCookBook/Pods-FoodyCookBook-frameworks.sh\"\n";
			showEnvVarsInLog = 0;
		};
/* End PBXShellScriptBuildPhase section */

/* Begin PBXSourcesBuildPhase section */
		E6E9B566266FBA4200DA0E18 /* Sources */ = {
			isa = PBXSourcesBuildPhase;
			buildActionMask = 2147483647;
			files = (
				E6E9B5EC266FBB9B00DA0E18 /* IntExtensions.swift in Sources */,
				E6E9B5EB266FBB9B00DA0E18 /* MonthYearPickerView.swift in Sources */,
				E6E9B5E7266FBB9B00DA0E18 /* ExtensionImagePickerOption.swift in Sources */,
				E6E9B613266FBBED00DA0E18 /* FoodListVC.swift in Sources */,
				E6E9B5DF266FBB9B00DA0E18 /* MultiPart.swift in Sources */,
				E6E9B5E3266FBB9B00DA0E18 /* ColorChange.swift in Sources */,
				E6E9B5F2266FBB9B00DA0E18 /* SideMenuManager.swift in Sources */,
				E6E9B606266FBB9B00DA0E18 /* FontChange.swift in Sources */,
				E6E9B5DE266FBB9B00DA0E18 /* ApiCall.swift in Sources */,
				E6E9B61E266FC3FE00DA0E18 /* FavouriteRecipesVC.swift in Sources */,
				E6E9B604266FBB9B00DA0E18 /* NotificationDelegate.swift in Sources */,
				E6E9B5F1266FBB9B00DA0E18 /* UISideMenuNavigationController.swift in Sources */,
				E6E9B5F4266FBB9B00DA0E18 /* UITableViewVibrantCell.swift in Sources */,
				E6E9B605266FBB9B00DA0E18 /* Utility.swift in Sources */,
				E6E9B5E9266FBB9B00DA0E18 /* DoubleExtensions.swift in Sources */,
				E6E9B61A266FC2D800DA0E18 /* TabbarVC.swift in Sources */,
				E6E9B5EE266FBB9B00DA0E18 /* OptionalExtensions.swift in Sources */,
				E6E9B5E8266FBB9B00DA0E18 /* Extension.swift in Sources */,
				E6E9B620266FC41400DA0E18 /* FavouriteRecipesCVC.swift in Sources */,
				E6E9B5E6266FBB9B00DA0E18 /* StringExtensions.swift in Sources */,
				E6E9B614266FBBED00DA0E18 /* FoodListModal.swift in Sources */,
				E6E9B5E5266FBB9B00DA0E18 /* DictionaryExtensions.swift in Sources */,
				E6E9B5E2266FBB9B00DA0E18 /* FloatExtensions.swift in Sources */,
				E6E9B5F5266FBB9B00DA0E18 /* ConnectionCheck.swift in Sources */,
				E6E9B5F3266FBB9B00DA0E18 /* SideMenuTransition.swift in Sources */,
				E6E9B5E0266FBB9B00DA0E18 /* JsonSerializer.swift in Sources */,
				E6E9B607266FBB9B00DA0E18 /* AppDelegate.swift in Sources */,
				E6E9B5E1266FBB9B00DA0E18 /* ArrayExtensions.swift in Sources */,
				E6E9B5ED266FBB9B00DA0E18 /* DateExtensions.swift in Sources */,
				E6E9B612266FBBED00DA0E18 /* FoodListCVC.swift in Sources */,
				E6E9B5E4266FBB9B00DA0E18 /* PlaceholderTextView.swift in Sources */,
				E6E9B5EA266FBB9B00DA0E18 /* ViewExtension.swift in Sources */,
				E6E9B5EF266FBB9B00DA0E18 /* Constants.swift in Sources */,
				E6E9B615266FBBED00DA0E18 /* FoodDetailVC.swift in Sources */,
			);
			runOnlyForDeploymentPostprocessing = 0;
		};
		E6E9B57C266FBA4600DA0E18 /* Sources */ = {
			isa = PBXSourcesBuildPhase;
			buildActionMask = 2147483647;
			files = (
				E6E9B585266FBA4600DA0E18 /* FoodyCookBookTests.swift in Sources */,
			);
			runOnlyForDeploymentPostprocessing = 0;
		};
		E6E9B587266FBA4600DA0E18 /* Sources */ = {
			isa = PBXSourcesBuildPhase;
			buildActionMask = 2147483647;
			files = (
				E6E9B590266FBA4600DA0E18 /* FoodyCookBookUITests.swift in Sources */,
			);
			runOnlyForDeploymentPostprocessing = 0;
		};
/* End PBXSourcesBuildPhase section */

/* Begin PBXTargetDependency section */
		E6E9B582266FBA4600DA0E18 /* PBXTargetDependency */ = {
			isa = PBXTargetDependency;
			target = E6E9B569266FBA4200DA0E18 /* FoodyCookBook */;
			targetProxy = E6E9B581266FBA4600DA0E18 /* PBXContainerItemProxy */;
		};
		E6E9B58D266FBA4600DA0E18 /* PBXTargetDependency */ = {
			isa = PBXTargetDependency;
			target = E6E9B569266FBA4200DA0E18 /* FoodyCookBook */;
			targetProxy = E6E9B58C266FBA4600DA0E18 /* PBXContainerItemProxy */;
		};
/* End PBXTargetDependency section */

/* Begin PBXVariantGroup section */
		E6E9B59E266FBB9A00DA0E18 /* LaunchScreen.storyboard */ = {
			isa = PBXVariantGroup;
			children = (
				E6E9B59F266FBB9A00DA0E18 /* Base */,
			);
			name = LaunchScreen.storyboard;
			sourceTree = "<group>";
		};
/* End PBXVariantGroup section */

/* Begin XCBuildConfiguration section */
		E6E9B592266FBA4600DA0E18 /* Debug */ = {
			isa = XCBuildConfiguration;
			buildSettings = {
				ALWAYS_SEARCH_USER_PATHS = NO;
				CLANG_ANALYZER_NONNULL = YES;
				CLANG_ANALYZER_NUMBER_OBJECT_CONVERSION = YES_AGGRESSIVE;
				CLANG_CXX_LANGUAGE_STANDARD = "gnu++14";
				CLANG_CXX_LIBRARY = "libc++";
				CLANG_ENABLE_MODULES = YES;
				CLANG_ENABLE_OBJC_ARC = YES;
				CLANG_ENABLE_OBJC_WEAK = YES;
				CLANG_WARN_BLOCK_CAPTURE_AUTORELEASING = YES;
				CLANG_WARN_BOOL_CONVERSION = YES;
				CLANG_WARN_COMMA = YES;
				CLANG_WARN_CONSTANT_CONVERSION = YES;
				CLANG_WARN_DEPRECATED_OBJC_IMPLEMENTATIONS = YES;
				CLANG_WARN_DIRECT_OBJC_ISA_USAGE = YES_ERROR;
				CLANG_WARN_DOCUMENTATION_COMMENTS = YES;
				CLANG_WARN_EMPTY_BODY = YES;
				CLANG_WARN_ENUM_CONVERSION = YES;
				CLANG_WARN_INFINITE_RECURSION = YES;
				CLANG_WARN_INT_CONVERSION = YES;
				CLANG_WARN_NON_LITERAL_NULL_CONVERSION = YES;
				CLANG_WARN_OBJC_IMPLICIT_RETAIN_SELF = YES;
				CLANG_WARN_OBJC_LITERAL_CONVERSION = YES;
				CLANG_WARN_OBJC_ROOT_CLASS = YES_ERROR;
				CLANG_WARN_QUOTED_INCLUDE_IN_FRAMEWORK_HEADER = YES;
				CLANG_WARN_RANGE_LOOP_ANALYSIS = YES;
				CLANG_WARN_STRICT_PROTOTYPES = YES;
				CLANG_WARN_SUSPICIOUS_MOVE = YES;
				CLANG_WARN_UNGUARDED_AVAILABILITY = YES_AGGRESSIVE;
				CLANG_WARN_UNREACHABLE_CODE = YES;
				CLANG_WARN__DUPLICATE_METHOD_MATCH = YES;
				COPY_PHASE_STRIP = NO;
				DEBUG_INFORMATION_FORMAT = dwarf;
				ENABLE_STRICT_OBJC_MSGSEND = YES;
				ENABLE_TESTABILITY = YES;
				GCC_C_LANGUAGE_STANDARD = gnu11;
				GCC_DYNAMIC_NO_PIC = NO;
				GCC_NO_COMMON_BLOCKS = YES;
				GCC_OPTIMIZATION_LEVEL = 0;
				GCC_PREPROCESSOR_DEFINITIONS = (
					"DEBUG=1",
					"$(inherited)",
				);
				GCC_WARN_64_TO_32_BIT_CONVERSION = YES;
				GCC_WARN_ABOUT_RETURN_TYPE = YES_ERROR;
				GCC_WARN_UNDECLARED_SELECTOR = YES;
				GCC_WARN_UNINITIALIZED_AUTOS = YES_AGGRESSIVE;
				GCC_WARN_UNUSED_FUNCTION = YES;
				GCC_WARN_UNUSED_VARIABLE = YES;
				IPHONEOS_DEPLOYMENT_TARGET = 14.5;
				MTL_ENABLE_DEBUG_INFO = INCLUDE_SOURCE;
				MTL_FAST_MATH = YES;
				ONLY_ACTIVE_ARCH = YES;
				SDKROOT = iphoneos;
				SWIFT_ACTIVE_COMPILATION_CONDITIONS = DEBUG;
				SWIFT_OPTIMIZATION_LEVEL = "-Onone";
			};
			name = Debug;
		};
		E6E9B593266FBA4600DA0E18 /* Release */ = {
			isa = XCBuildConfiguration;
			buildSettings = {
				ALWAYS_SEARCH_USER_PATHS = NO;
				CLANG_ANALYZER_NONNULL = YES;
				CLANG_ANALYZER_NUMBER_OBJECT_CONVERSION = YES_AGGRESSIVE;
				CLANG_CXX_LANGUAGE_STANDARD = "gnu++14";
				CLANG_CXX_LIBRARY = "libc++";
				CLANG_ENABLE_MODULES = YES;
				CLANG_ENABLE_OBJC_ARC = YES;
				CLANG_ENABLE_OBJC_WEAK = YES;
				CLANG_WARN_BLOCK_CAPTURE_AUTORELEASING = YES;
				CLANG_WARN_BOOL_CONVERSION = YES;
				CLANG_WARN_COMMA = YES;
				CLANG_WARN_CONSTANT_CONVERSION = YES;
				CLANG_WARN_DEPRECATED_OBJC_IMPLEMENTATIONS = YES;
				CLANG_WARN_DIRECT_OBJC_ISA_USAGE = YES_ERROR;
				CLANG_WARN_DOCUMENTATION_COMMENTS = YES;
				CLANG_WARN_EMPTY_BODY = YES;
				CLANG_WARN_ENUM_CONVERSION = YES;
				CLANG_WARN_INFINITE_RECURSION = YES;
				CLANG_WARN_INT_CONVERSION = YES;
				CLANG_WARN_NON_LITERAL_NULL_CONVERSION = YES;
				CLANG_WARN_OBJC_IMPLICIT_RETAIN_SELF = YES;
				CLANG_WARN_OBJC_LITERAL_CONVERSION = YES;
				CLANG_WARN_OBJC_ROOT_CLASS = YES_ERROR;
				CLANG_WARN_QUOTED_INCLUDE_IN_FRAMEWORK_HEADER = YES;
				CLANG_WARN_RANGE_LOOP_ANALYSIS = YES;
				CLANG_WARN_STRICT_PROTOTYPES = YES;
				CLANG_WARN_SUSPICIOUS_MOVE = YES;
				CLANG_WARN_UNGUARDED_AVAILABILITY = YES_AGGRESSIVE;
				CLANG_WARN_UNREACHABLE_CODE = YES;
				CLANG_WARN__DUPLICATE_METHOD_MATCH = YES;
				COPY_PHASE_STRIP = NO;
				DEBUG_INFORMATION_FORMAT = "dwarf-with-dsym";
				ENABLE_NS_ASSERTIONS = NO;
				ENABLE_STRICT_OBJC_MSGSEND = YES;
				GCC_C_LANGUAGE_STANDARD = gnu11;
				GCC_NO_COMMON_BLOCKS = YES;
				GCC_WARN_64_TO_32_BIT_CONVERSION = YES;
				GCC_WARN_ABOUT_RETURN_TYPE = YES_ERROR;
				GCC_WARN_UNDECLARED_SELECTOR = YES;
				GCC_WARN_UNINITIALIZED_AUTOS = YES_AGGRESSIVE;
				GCC_WARN_UNUSED_FUNCTION = YES;
				GCC_WARN_UNUSED_VARIABLE = YES;
				IPHONEOS_DEPLOYMENT_TARGET = 14.5;
				MTL_ENABLE_DEBUG_INFO = NO;
				MTL_FAST_MATH = YES;
				SDKROOT = iphoneos;
				SWIFT_COMPILATION_MODE = wholemodule;
				SWIFT_OPTIMIZATION_LEVEL = "-O";
				VALIDATE_PRODUCT = YES;
			};
			name = Release;
		};
		E6E9B595266FBA4600DA0E18 /* Debug */ = {
			isa = XCBuildConfiguration;
			baseConfigurationReference = 67670B2CB5244B25AF699F9F /* Pods-FoodyCookBook.debug.xcconfig */;
			buildSettings = {
				ASSETCATALOG_COMPILER_APPICON_NAME = AppIcon;
				ASSETCATALOG_COMPILER_GLOBAL_ACCENT_COLOR_NAME = AccentColor;
				CODE_SIGN_STYLE = Automatic;
				CURRENT_PROJECT_VERSION = 1.0;
				INFOPLIST_FILE = FoodyCookBook/Info.plist;
				IPHONEOS_DEPLOYMENT_TARGET = 12.1;
				LD_RUNPATH_SEARCH_PATHS = (
					"$(inherited)",
					"@executable_path/Frameworks",
				);
				PRODUCT_BUNDLE_IDENTIFIER = com.FoodyCookBook;
				PRODUCT_NAME = "$(TARGET_NAME)";
				SWIFT_OBJC_BRIDGING_HEADER = "/$(SRCROOT)/FoodyCookBook-Bridging-Header.h";
				SWIFT_VERSION = 5.0;
				TARGETED_DEVICE_FAMILY = 1;
			};
			name = Debug;
		};
		E6E9B596266FBA4600DA0E18 /* Release */ = {
			isa = XCBuildConfiguration;
			baseConfigurationReference = B600F2E1FCA7DEE2C8148015 /* Pods-FoodyCookBook.release.xcconfig */;
			buildSettings = {
				ASSETCATALOG_COMPILER_APPICON_NAME = AppIcon;
				ASSETCATALOG_COMPILER_GLOBAL_ACCENT_COLOR_NAME = AccentColor;
				CODE_SIGN_STYLE = Automatic;
				CURRENT_PROJECT_VERSION = 1.0;
				INFOPLIST_FILE = FoodyCookBook/Info.plist;
				IPHONEOS_DEPLOYMENT_TARGET = 12.1;
				LD_RUNPATH_SEARCH_PATHS = (
					"$(inherited)",
					"@executable_path/Frameworks",
				);
				PRODUCT_BUNDLE_IDENTIFIER = com.FoodyCookBook;
				PRODUCT_NAME = "$(TARGET_NAME)";
				SWIFT_OBJC_BRIDGING_HEADER = "/$(SRCROOT)/FoodyCookBook-Bridging-Header.h";
				SWIFT_VERSION = 5.0;
				TARGETED_DEVICE_FAMILY = 1;
			};
			name = Release;
		};
		E6E9B598266FBA4600DA0E18 /* Debug */ = {
			isa = XCBuildConfiguration;
			buildSettings = {
				ALWAYS_EMBED_SWIFT_STANDARD_LIBRARIES = YES;
				BUNDLE_LOADER = "$(TEST_HOST)";
				CODE_SIGN_STYLE = Automatic;
				INFOPLIST_FILE = FoodyCookBookTests/Info.plist;
				IPHONEOS_DEPLOYMENT_TARGET = 14.5;
				LD_RUNPATH_SEARCH_PATHS = (
					"$(inherited)",
					"@executable_path/Frameworks",
					"@loader_path/Frameworks",
				);
				PRODUCT_BUNDLE_IDENTIFIER = com.FoodyCookBookTests;
				PRODUCT_NAME = "$(TARGET_NAME)";
				SWIFT_VERSION = 5.0;
				TARGETED_DEVICE_FAMILY = "1,2";
				TEST_HOST = "$(BUILT_PRODUCTS_DIR)/FoodyCookBook.app/FoodyCookBook";
			};
			name = Debug;
		};
		E6E9B599266FBA4600DA0E18 /* Release */ = {
			isa = XCBuildConfiguration;
			buildSettings = {
				ALWAYS_EMBED_SWIFT_STANDARD_LIBRARIES = YES;
				BUNDLE_LOADER = "$(TEST_HOST)";
				CODE_SIGN_STYLE = Automatic;
				INFOPLIST_FILE = FoodyCookBookTests/Info.plist;
				IPHONEOS_DEPLOYMENT_TARGET = 14.5;
				LD_RUNPATH_SEARCH_PATHS = (
					"$(inherited)",
					"@executable_path/Frameworks",
					"@loader_path/Frameworks",
				);
				PRODUCT_BUNDLE_IDENTIFIER = com.FoodyCookBookTests;
				PRODUCT_NAME = "$(TARGET_NAME)";
				SWIFT_VERSION = 5.0;
				TARGETED_DEVICE_FAMILY = "1,2";
				TEST_HOST = "$(BUILT_PRODUCTS_DIR)/FoodyCookBook.app/FoodyCookBook";
			};
			name = Release;
		};
		E6E9B59B266FBA4600DA0E18 /* Debug */ = {
			isa = XCBuildConfiguration;
			buildSettings = {
				ALWAYS_EMBED_SWIFT_STANDARD_LIBRARIES = YES;
				CODE_SIGN_STYLE = Automatic;
				INFOPLIST_FILE = FoodyCookBookUITests/Info.plist;
				LD_RUNPATH_SEARCH_PATHS = (
					"$(inherited)",
					"@executable_path/Frameworks",
					"@loader_path/Frameworks",
				);
				PRODUCT_BUNDLE_IDENTIFIER = com.FoodyCookBookUITests;
				PRODUCT_NAME = "$(TARGET_NAME)";
				SWIFT_VERSION = 5.0;
				TARGETED_DEVICE_FAMILY = "1,2";
				TEST_TARGET_NAME = FoodyCookBook;
			};
			name = Debug;
		};
		E6E9B59C266FBA4600DA0E18 /* Release */ = {
			isa = XCBuildConfiguration;
			buildSettings = {
				ALWAYS_EMBED_SWIFT_STANDARD_LIBRARIES = YES;
				CODE_SIGN_STYLE = Automatic;
				INFOPLIST_FILE = FoodyCookBookUITests/Info.plist;
				LD_RUNPATH_SEARCH_PATHS = (
					"$(inherited)",
					"@executable_path/Frameworks",
					"@loader_path/Frameworks",
				);
				PRODUCT_BUNDLE_IDENTIFIER = com.FoodyCookBookUITests;
				PRODUCT_NAME = "$(TARGET_NAME)";
				SWIFT_VERSION = 5.0;
				TARGETED_DEVICE_FAMILY = "1,2";
				TEST_TARGET_NAME = FoodyCookBook;
			};
			name = Release;
		};
/* End XCBuildConfiguration section */

/* Begin XCConfigurationList section */
		E6E9B565266FBA4200DA0E18 /* Build configuration list for PBXProject "FoodyCookBook" */ = {
			isa = XCConfigurationList;
			buildConfigurations = (
				E6E9B592266FBA4600DA0E18 /* Debug */,
				E6E9B593266FBA4600DA0E18 /* Release */,
			);
			defaultConfigurationIsVisible = 0;
			defaultConfigurationName = Release;
		};
		E6E9B594266FBA4600DA0E18 /* Build configuration list for PBXNativeTarget "FoodyCookBook" */ = {
			isa = XCConfigurationList;
			buildConfigurations = (
				E6E9B595266FBA4600DA0E18 /* Debug */,
				E6E9B596266FBA4600DA0E18 /* Release */,
			);
			defaultConfigurationIsVisible = 0;
			defaultConfigurationName = Release;
		};
		E6E9B597266FBA4600DA0E18 /* Build configuration list for PBXNativeTarget "FoodyCookBookTests" */ = {
			isa = XCConfigurationList;
			buildConfigurations = (
				E6E9B598266FBA4600DA0E18 /* Debug */,
				E6E9B599266FBA4600DA0E18 /* Release */,
			);
			defaultConfigurationIsVisible = 0;
			defaultConfigurationName = Release;
		};
		E6E9B59A266FBA4600DA0E18 /* Build configuration list for PBXNativeTarget "FoodyCookBookUITests" */ = {
			isa = XCConfigurationList;
			buildConfigurations = (
				E6E9B59B266FBA4600DA0E18 /* Debug */,
				E6E9B59C266FBA4600DA0E18 /* Release */,
			);
			defaultConfigurationIsVisible = 0;
			defaultConfigurationName = Release;
		};
/* End XCConfigurationList section */
	};
	rootObject = E6E9B562266FBA4200DA0E18 /* Project object */;
}
